{
  "name": "LiferayWorkspace",
  "lockfileVersion": 2,
  "requires": true,
  "packages": {
    "": {
      "dependencies": {
        "liferay-ckeditor": "^4.18.0-liferay.4"
      }
    },
    "node_modules/liferay-ckeditor": {
      "version": "4.18.0-liferay.4",
      "resolved": "https://registry.npmjs.org/liferay-ckeditor/-/liferay-ckeditor-4.18.0-liferay.4.tgz",
      "integrity": "sha512-mugcikGLtVbZ1kqxtHjf1z8F4hWPeET4EyCx48ePIUc01fnOuAEiiNwnaWeBxiMS8K75CvYNbA37jJhCskHXmw=="
    }
  },
  "dependencies": {
    "liferay-ckeditor": {
      "version": "4.18.0-liferay.4",
      "resolved": "https://registry.npmjs.org/liferay-ckeditor/-/liferay-ckeditor-4.18.0-liferay.4.tgz",
      "integrity": "sha512-mugcikGLtVbZ1kqxtHjf1z8F4hWPeET4EyCx48ePIUc01fnOuAEiiNwnaWeBxiMS8K75CvYNbA37jJhCskHXmw=="
    }
  }
}
